
Microsoft Visual Studio Solution File, Format Version 12.00
# Visual Studio Version 16
VisualStudioVersion = 16.0.29519.181
MinimumVisualStudioVersion = 10.0.40219.1
Project("{FAE04EC0-301F-11D3-BF4B-00C04F79EFBC}") = "Client", "Client.csproj", "{46DC8FC4-911A-4830-950C-AB508318416D}"
EndProject
Global
	GlobalSection(SolutionConfigurationPlatforms) = preSolution
		Debug|Any CPU = Debug|Any CPU
		Release|Any CPU = Release|Any CPU
	EndGlobalSection
	GlobalSection(ProjectConfigurationPlatforms) = postSolution
		{46DC8FC4-911A-4830-950C-AB508318416D}.Debug|Any CPU.ActiveCfg = Debug|Any CPU
		{46DC8FC4-911A-4830-950C-AB508318416D}.Debug|Any CPU.Build.0 = Debug|Any CPU
		{46DC8FC4-911A-4830-950C-AB508318416D}.Release|Any CPU.ActiveCfg = Release|Any CPU
		{46DC8FC4-911A-4830-950C-AB508318416D}.Release|Any CPU.Build.0 = Release|Any CPU
	EndGlobalSection
	GlobalSection(SolutionProperties) = preSolution
		HideSolutionNode = FALSE
	EndGlobalSection
	GlobalSection(ExtensibilityGlobals) = postSolution
		SolutionGuid = {80FC7A91-9518-4891-A291-970183F62690}
	EndGlobalSection
EndGlobal
