
Microsoft Visual Studio Solution File, Format Version 12.00
# Visual Studio Version 16
VisualStudioVersion = 16.0.29503.13
MinimumVisualStudioVersion = 10.0.40219.1
Project("{FAE04EC0-301F-11D3-BF4B-00C04F79EFBC}") = "ConsoleApp1", "ConsoleApp1.csproj", "{5B4AB75F-31FA-4D9E-8BC5-FB974C83C894}"
EndProject
Project("{FAE04EC0-301F-11D3-BF4B-00C04F79EFBC}") = "Generic Programming", "..\Generic Programming\Generic Programming.csproj", "{A57326A5-0C16-450D-A5EE-5E1718F24326}"
EndProject
Project("{FAE04EC0-301F-11D3-BF4B-00C04F79EFBC}") = "Delegate", "..\Delegate\Delegate.csproj", "{7C5EB122-EEE3-4B59-9034-DF9C3DBF36D6}"
EndProject
Project("{FAE04EC0-301F-11D3-BF4B-00C04F79EFBC}") = "Delegate2", "..\Delegate2\Delegate2.csproj", "{1DB2DEC0-7180-43AE-A0D4-DF3E3157F035}"
EndProject
Global
	GlobalSection(SolutionConfigurationPlatforms) = preSolution
		Debug|Any CPU = Debug|Any CPU
		Release|Any CPU = Release|Any CPU
	EndGlobalSection
	GlobalSection(ProjectConfigurationPlatforms) = postSolution
		{5B4AB75F-31FA-4D9E-8BC5-FB974C83C894}.Debug|Any CPU.ActiveCfg = Debug|Any CPU
		{5B4AB75F-31FA-4D9E-8BC5-FB974C83C894}.Debug|Any CPU.Build.0 = Debug|Any CPU
		{5B4AB75F-31FA-4D9E-8BC5-FB974C83C894}.Release|Any CPU.ActiveCfg = Release|Any CPU
		{5B4AB75F-31FA-4D9E-8BC5-FB974C83C894}.Release|Any CPU.Build.0 = Release|Any CPU
		{A57326A5-0C16-450D-A5EE-5E1718F24326}.Debug|Any CPU.ActiveCfg = Debug|Any CPU
		{A57326A5-0C16-450D-A5EE-5E1718F24326}.Debug|Any CPU.Build.0 = Debug|Any CPU
		{A57326A5-0C16-450D-A5EE-5E1718F24326}.Release|Any CPU.ActiveCfg = Release|Any CPU
		{A57326A5-0C16-450D-A5EE-5E1718F24326}.Release|Any CPU.Build.0 = Release|Any CPU
		{7C5EB122-EEE3-4B59-9034-DF9C3DBF36D6}.Debug|Any CPU.ActiveCfg = Debug|Any CPU
		{7C5EB122-EEE3-4B59-9034-DF9C3DBF36D6}.Debug|Any CPU.Build.0 = Debug|Any CPU
		{7C5EB122-EEE3-4B59-9034-DF9C3DBF36D6}.Release|Any CPU.ActiveCfg = Release|Any CPU
		{7C5EB122-EEE3-4B59-9034-DF9C3DBF36D6}.Release|Any CPU.Build.0 = Release|Any CPU
		{1DB2DEC0-7180-43AE-A0D4-DF3E3157F035}.Debug|Any CPU.ActiveCfg = Debug|Any CPU
		{1DB2DEC0-7180-43AE-A0D4-DF3E3157F035}.Debug|Any CPU.Build.0 = Debug|Any CPU
		{1DB2DEC0-7180-43AE-A0D4-DF3E3157F035}.Release|Any CPU.ActiveCfg = Release|Any CPU
		{1DB2DEC0-7180-43AE-A0D4-DF3E3157F035}.Release|Any CPU.Build.0 = Release|Any CPU
	EndGlobalSection
	GlobalSection(SolutionProperties) = preSolution
		HideSolutionNode = FALSE
	EndGlobalSection
	GlobalSection(ExtensibilityGlobals) = postSolution
		SolutionGuid = {08FC7DB8-DC6C-4937-AC65-E6E4F1DBFA86}
	EndGlobalSection
EndGlobal
